
Microsoft Visual Studio Solution File, Format Version 12.00
# Visual Studio Version 17
VisualStudioVersion = 17.11.35222.181
MinimumVisualStudioVersion = 10.0.40219.1
Project("{2150E333-8FDC-42A3-9474-1A3956D46DE8}") = "Microservices", "Microservices", "{01FCC141-A68C-4675-AB34-B72637988484}"
EndProject
Project("{2150E333-8FDC-42A3-9474-1A3956D46DE8}") = "Product", "Product", "{A4FEF42F-28D7-4257-9497-D9EDBFDFAAA2}"
EndProject
Project("{2150E333-8FDC-42A3-9474-1A3956D46DE8}") = "User", "User", "{27317A52-DC72-4A2E-9D37-BD99016330B2}"
EndProject
Project("{2150E333-8FDC-42A3-9474-1A3956D46DE8}") = "Application", "Application", "{6819694A-C988-4F86-9F3C-EEF27BE08A39}"
EndProject
Project("{2150E333-8FDC-42A3-9474-1A3956D46DE8}") = "Domain", "Domain", "{8AD038BA-4566-41A2-A3DD-11D30F47E354}"
EndProject
Project("{2150E333-8FDC-42A3-9474-1A3956D46DE8}") = "Api", "Api", "{31D85972-2517-4F21-BA35-E88C0ABCC18F}"
EndProject
Project("{2150E333-8FDC-42A3-9474-1A3956D46DE8}") = "Infrastructure", "Infrastructure", "{6252ABBC-C090-4349-A4F0-9401B181C423}"
EndProject
Project("{2150E333-8FDC-42A3-9474-1A3956D46DE8}") = "Api", "Api", "{DF911DAC-96AB-4942-9C44-0D333CD73295}"
EndProject
Project("{2150E333-8FDC-42A3-9474-1A3956D46DE8}") = "Application", "Application", "{1DCF1325-67CB-419A-92E0-DFD8900CA37D}"
EndProject
Project("{2150E333-8FDC-42A3-9474-1A3956D46DE8}") = "Domain", "Domain", "{BEFCA945-5705-4E1A-B739-BC2340644031}"
EndProject
Project("{2150E333-8FDC-42A3-9474-1A3956D46DE8}") = "Infrastructure", "Infrastructure", "{C071484E-B673-4270-A1B0-32B89163F7B5}"
EndProject
Project("{9A19103F-16F7-4668-BE54-9A1E7A4F7556}") = "UserService.Api", "User.Api\UserService.Api.csproj", "{B82A11BE-3502-41BB-B6AE-C671AC563CD7}"
EndProject
Project("{9A19103F-16F7-4668-BE54-9A1E7A4F7556}") = "UserService.Application", "User.Application\UserService.Application.csproj", "{2A305D0F-609A-4A6D-9AA7-21FADE41BC5E}"
EndProject
Project("{9A19103F-16F7-4668-BE54-9A1E7A4F7556}") = "UserService.Infrastructure", "User.Infraestructure\UserService.Infrastructure.csproj", "{C63A5AA8-BCF3-4ECB-A022-BC4F12A0C6C9}"
EndProject
Project("{9A19103F-16F7-4668-BE54-9A1E7A4F7556}") = "ProductService.Api", "Product.Api\ProductService.Api.csproj", "{87D4A4E2-CE70-4ADC-8F43-9CAD8608AC8C}"
EndProject
Project("{9A19103F-16F7-4668-BE54-9A1E7A4F7556}") = "ProductService.Application", "Product.Application\ProductService.Application.csproj", "{3DC7C07D-FA13-458B-859E-1AD545993D10}"
EndProject
Project("{9A19103F-16F7-4668-BE54-9A1E7A4F7556}") = "ProductService.Domain", "Product.Domain\ProductService.Domain.csproj", "{5E5FD479-3A1D-4F63-867B-C5FC50940245}"
EndProject
Project("{9A19103F-16F7-4668-BE54-9A1E7A4F7556}") = "ProductService.Infrastructure", "Product.Infrastructure\ProductService.Infrastructure.csproj", "{80E33E8C-74A7-444D-87F1-1E7471D5D3C2}"
EndProject
Project("{9A19103F-16F7-4668-BE54-9A1E7A4F7556}") = "UserService.Domain", "User.Domain\UserService.Domain.csproj", "{74804FB9-A7CA-4872-BC01-032E8A62299B}"
EndProject
Project("{2150E333-8FDC-42A3-9474-1A3956D46DE8}") = "Shared", "Shared", "{1201540E-6FCE-46B1-9CC0-45BE7758B20F}"
EndProject
Project("{FAE04EC0-301F-11D3-BF4B-00C04F79EFBC}") = "Middleware", "Middleware\Middleware.csproj", "{A4EAD2EE-07E5-4782-BD77-188143E090D9}"
EndProject
Global
	GlobalSection(SolutionConfigurationPlatforms) = preSolution
		Debug|Any CPU = Debug|Any CPU
		Release|Any CPU = Release|Any CPU
	EndGlobalSection
	GlobalSection(ProjectConfigurationPlatforms) = postSolution
		{B82A11BE-3502-41BB-B6AE-C671AC563CD7}.Debug|Any CPU.ActiveCfg = Debug|Any CPU
		{B82A11BE-3502-41BB-B6AE-C671AC563CD7}.Debug|Any CPU.Build.0 = Debug|Any CPU
		{B82A11BE-3502-41BB-B6AE-C671AC563CD7}.Release|Any CPU.ActiveCfg = Release|Any CPU
		{B82A11BE-3502-41BB-B6AE-C671AC563CD7}.Release|Any CPU.Build.0 = Release|Any CPU
		{2A305D0F-609A-4A6D-9AA7-21FADE41BC5E}.Debug|Any CPU.ActiveCfg = Debug|Any CPU
		{2A305D0F-609A-4A6D-9AA7-21FADE41BC5E}.Debug|Any CPU.Build.0 = Debug|Any CPU
		{2A305D0F-609A-4A6D-9AA7-21FADE41BC5E}.Release|Any CPU.ActiveCfg = Release|Any CPU
		{2A305D0F-609A-4A6D-9AA7-21FADE41BC5E}.Release|Any CPU.Build.0 = Release|Any CPU
		{C63A5AA8-BCF3-4ECB-A022-BC4F12A0C6C9}.Debug|Any CPU.ActiveCfg = Debug|Any CPU
		{C63A5AA8-BCF3-4ECB-A022-BC4F12A0C6C9}.Debug|Any CPU.Build.0 = Debug|Any CPU
		{C63A5AA8-BCF3-4ECB-A022-BC4F12A0C6C9}.Release|Any CPU.ActiveCfg = Release|Any CPU
		{C63A5AA8-BCF3-4ECB-A022-BC4F12A0C6C9}.Release|Any CPU.Build.0 = Release|Any CPU
		{87D4A4E2-CE70-4ADC-8F43-9CAD8608AC8C}.Debug|Any CPU.ActiveCfg = Debug|Any CPU
		{87D4A4E2-CE70-4ADC-8F43-9CAD8608AC8C}.Debug|Any CPU.Build.0 = Debug|Any CPU
		{87D4A4E2-CE70-4ADC-8F43-9CAD8608AC8C}.Release|Any CPU.ActiveCfg = Release|Any CPU
		{87D4A4E2-CE70-4ADC-8F43-9CAD8608AC8C}.Release|Any CPU.Build.0 = Release|Any CPU
		{3DC7C07D-FA13-458B-859E-1AD545993D10}.Debug|Any CPU.ActiveCfg = Debug|Any CPU
		{3DC7C07D-FA13-458B-859E-1AD545993D10}.Debug|Any CPU.Build.0 = Debug|Any CPU
		{3DC7C07D-FA13-458B-859E-1AD545993D10}.Release|Any CPU.ActiveCfg = Release|Any CPU
		{3DC7C07D-FA13-458B-859E-1AD545993D10}.Release|Any CPU.Build.0 = Release|Any CPU
		{5E5FD479-3A1D-4F63-867B-C5FC50940245}.Debug|Any CPU.ActiveCfg = Debug|Any CPU
		{5E5FD479-3A1D-4F63-867B-C5FC50940245}.Debug|Any CPU.Build.0 = Debug|Any CPU
		{5E5FD479-3A1D-4F63-867B-C5FC50940245}.Release|Any CPU.ActiveCfg = Release|Any CPU
		{5E5FD479-3A1D-4F63-867B-C5FC50940245}.Release|Any CPU.Build.0 = Release|Any CPU
		{80E33E8C-74A7-444D-87F1-1E7471D5D3C2}.Debug|Any CPU.ActiveCfg = Debug|Any CPU
		{80E33E8C-74A7-444D-87F1-1E7471D5D3C2}.Debug|Any CPU.Build.0 = Debug|Any CPU
		{80E33E8C-74A7-444D-87F1-1E7471D5D3C2}.Release|Any CPU.ActiveCfg = Release|Any CPU
		{80E33E8C-74A7-444D-87F1-1E7471D5D3C2}.Release|Any CPU.Build.0 = Release|Any CPU
		{74804FB9-A7CA-4872-BC01-032E8A62299B}.Debug|Any CPU.ActiveCfg = Debug|Any CPU
		{74804FB9-A7CA-4872-BC01-032E8A62299B}.Debug|Any CPU.Build.0 = Debug|Any CPU
		{74804FB9-A7CA-4872-BC01-032E8A62299B}.Release|Any CPU.ActiveCfg = Release|Any CPU
		{74804FB9-A7CA-4872-BC01-032E8A62299B}.Release|Any CPU.Build.0 = Release|Any CPU
		{A4EAD2EE-07E5-4782-BD77-188143E090D9}.Debug|Any CPU.ActiveCfg = Debug|Any CPU
		{A4EAD2EE-07E5-4782-BD77-188143E090D9}.Debug|Any CPU.Build.0 = Debug|Any CPU
		{A4EAD2EE-07E5-4782-BD77-188143E090D9}.Release|Any CPU.ActiveCfg = Release|Any CPU
		{A4EAD2EE-07E5-4782-BD77-188143E090D9}.Release|Any CPU.Build.0 = Release|Any CPU
	EndGlobalSection
	GlobalSection(SolutionProperties) = preSolution
		HideSolutionNode = FALSE
	EndGlobalSection
	GlobalSection(NestedProjects) = preSolution
		{A4FEF42F-28D7-4257-9497-D9EDBFDFAAA2} = {01FCC141-A68C-4675-AB34-B72637988484}
		{27317A52-DC72-4A2E-9D37-BD99016330B2} = {01FCC141-A68C-4675-AB34-B72637988484}
		{6819694A-C988-4F86-9F3C-EEF27BE08A39} = {A4FEF42F-28D7-4257-9497-D9EDBFDFAAA2}
		{8AD038BA-4566-41A2-A3DD-11D30F47E354} = {A4FEF42F-28D7-4257-9497-D9EDBFDFAAA2}
		{31D85972-2517-4F21-BA35-E88C0ABCC18F} = {A4FEF42F-28D7-4257-9497-D9EDBFDFAAA2}
		{6252ABBC-C090-4349-A4F0-9401B181C423} = {A4FEF42F-28D7-4257-9497-D9EDBFDFAAA2}
		{DF911DAC-96AB-4942-9C44-0D333CD73295} = {27317A52-DC72-4A2E-9D37-BD99016330B2}
		{1DCF1325-67CB-419A-92E0-DFD8900CA37D} = {27317A52-DC72-4A2E-9D37-BD99016330B2}
		{BEFCA945-5705-4E1A-B739-BC2340644031} = {27317A52-DC72-4A2E-9D37-BD99016330B2}
		{C071484E-B673-4270-A1B0-32B89163F7B5} = {27317A52-DC72-4A2E-9D37-BD99016330B2}
		{B82A11BE-3502-41BB-B6AE-C671AC563CD7} = {DF911DAC-96AB-4942-9C44-0D333CD73295}
		{2A305D0F-609A-4A6D-9AA7-21FADE41BC5E} = {1DCF1325-67CB-419A-92E0-DFD8900CA37D}
		{C63A5AA8-BCF3-4ECB-A022-BC4F12A0C6C9} = {C071484E-B673-4270-A1B0-32B89163F7B5}
		{87D4A4E2-CE70-4ADC-8F43-9CAD8608AC8C} = {31D85972-2517-4F21-BA35-E88C0ABCC18F}
		{3DC7C07D-FA13-458B-859E-1AD545993D10} = {6819694A-C988-4F86-9F3C-EEF27BE08A39}
		{5E5FD479-3A1D-4F63-867B-C5FC50940245} = {8AD038BA-4566-41A2-A3DD-11D30F47E354}
		{80E33E8C-74A7-444D-87F1-1E7471D5D3C2} = {6252ABBC-C090-4349-A4F0-9401B181C423}
		{74804FB9-A7CA-4872-BC01-032E8A62299B} = {BEFCA945-5705-4E1A-B739-BC2340644031}
		{1201540E-6FCE-46B1-9CC0-45BE7758B20F} = {01FCC141-A68C-4675-AB34-B72637988484}
		{A4EAD2EE-07E5-4782-BD77-188143E090D9} = {1201540E-6FCE-46B1-9CC0-45BE7758B20F}
	EndGlobalSection
	GlobalSection(ExtensibilityGlobals) = postSolution
		SolutionGuid = {B8ECC53D-043D-4A13-BD6C-071151B7ECE8}
	EndGlobalSection
EndGlobal
